
Microsoft Visual Studio Solution File, Format Version 12.00
# Visual Studio Version 16
VisualStudioVersion = 16.0.31410.357
MinimumVisualStudioVersion = 10.0.40219.1
Project("{FAE04EC0-301F-11D3-BF4B-00C04F79EFBC}") = "Answer", "Answer\Answer.csproj", "{A92E1D4E-3B1D-42A6-969B-7077095A17C9}"
EndProject
Global
	GlobalSection(SolutionConfigurationPlatforms) = preSolution
		Debug|Any CPU = Debug|Any CPU
		Release|Any CPU = Release|Any CPU
	EndGlobalSection
	GlobalSection(ProjectConfigurationPlatforms) = postSolution
		{A92E1D4E-3B1D-42A6-969B-7077095A17C9}.Debug|Any CPU.ActiveCfg = Debug|Any CPU
		{A92E1D4E-3B1D-42A6-969B-7077095A17C9}.Debug|Any CPU.Build.0 = Debug|Any CPU
		{A92E1D4E-3B1D-42A6-969B-7077095A17C9}.Release|Any CPU.ActiveCfg = Release|Any CPU
		{A92E1D4E-3B1D-42A6-969B-7077095A17C9}.Release|Any CPU.Build.0 = Release|Any CPU
	EndGlobalSection
	GlobalSection(SolutionProperties) = preSolution
		HideSolutionNode = FALSE
	EndGlobalSection
	GlobalSection(ExtensibilityGlobals) = postSolution
		SolutionGuid = {83A5ACE7-C047-4563-9BC4-71322287B225}
	EndGlobalSection
EndGlobal
